{
  "name": "frontend",
  "lockfileVersion": 3,
  "requires": true,
  "packages": {
    "": {
      "dependencies": {
        "@tabler/icons-react": "^3.36.1"
      }
    },
    "node_modules/@tabler/icons": {
      "version": "3.36.1",
      "resolved": "https://registry.npmjs.org/@tabler/icons/-/icons-3.36.1.tgz",
      "integrity": "sha512-f4Jg3Fof/Vru5ioix/UO4GX+sdDsF9wQo47FbtvG+utIYYVQ/QVAC0QYgcBbAjQGfbdOh2CCf0BgiFOF9Ixtjw==",
      "license": "MIT",
      "funding": {
        "type": "github",
        "url": "https://github.com/sponsors/codecalm"
      }
    },
    "node_modules/@tabler/icons-react": {
      "version": "3.36.1",
      "resolved": "https://registry.npmjs.org/@tabler/icons-react/-/icons-react-3.36.1.tgz",
      "integrity": "sha512-/8nOXeNeMoze9xY/QyEKG65wuvRhkT3q9aytaur6Gj8bYU2A98YVJyLc9MRmc5nVvpy+bRlrrwK/Ykr8WGyUWg==",
      "license": "MIT",
      "dependencies": {
        "@tabler/icons": ""
      },
      "funding": {
        "type": "github",
        "url": "https://github.com/sponsors/codecalm"
      },
      "peerDependencies": {
        "react": ">= 16"
      }
    },
    "node_modules/react": {
      "version": "19.2.4",
      "resolved": "https://registry.npmjs.org/react/-/react-19.2.4.tgz",
      "integrity": "sha512-9nfp2hYpCwOjAN+8TZFGhtWEwgvWHXqESH8qT89AT/lWklpLON22Lc8pEtnpsZz7VmawabSU0gCjnj8aC0euHQ==",
      "license": "MIT",
      "peer": true,
      "engines": {
        "node": ">=0.10.0"
      }
    }
  }
}
